{
  "lockfileVersion": 1
}
<<<<<<< HEAD
=======
{
  "name": "sd-0x-block8-project-js-unit-tests",
  "name": "sd-010-b-project-js-unit-tests",
  "version": "1.0.0",
  "description": "Project for block 8",
  "main": "index.js",
  "scripts": {
    "test": "jest",
    "lint": "eslint --no-inline-config --no-error-on-unmatched-pattern -c .eslintrc.json . --ext .js, .jsx"
  },
  "repository": {
    "type": "git",
  },
  "homepage": "https://github.com/betrybe/sd-0x-block8-project-js-unit-test#readme",
  "devDependencies": {
    "jest": "^24.9.0",
    "acorn": ">=5.7.4",
    "minimist": ">=1.2.2"
  },
  "dependencies": {
    "add": "^2.0.6",
    "git": "^0.1.5"
  }
}
>>>>>>> 3fdc81524f5dc501d328d19ce3aae2aa1d41d3ea
